
Microsoft Visual Studio Solution File, Format Version 12.00
# Visual Studio Version 17
VisualStudioVersion = 17.10.35013.160
MinimumVisualStudioVersion = 10.0.40219.1
Project("{FAE04EC0-301F-11D3-BF4B-00C04F79EFBC}") = "Api_Login_Auth_ASPNET", "Api_Login_Auth_ASPNET\Api_Login_Auth_ASPNET.csproj", "{C2823834-2C49-4FDC-9E28-DC0C1BD83C5A}"
EndProject
Global
	GlobalSection(SolutionConfigurationPlatforms) = preSolution
		Debug|Any CPU = Debug|Any CPU
		Release|Any CPU = Release|Any CPU
	EndGlobalSection
	GlobalSection(ProjectConfigurationPlatforms) = postSolution
		{C2823834-2C49-4FDC-9E28-DC0C1BD83C5A}.Debug|Any CPU.ActiveCfg = Debug|Any CPU
		{C2823834-2C49-4FDC-9E28-DC0C1BD83C5A}.Debug|Any CPU.Build.0 = Debug|Any CPU
		{C2823834-2C49-4FDC-9E28-DC0C1BD83C5A}.Release|Any CPU.ActiveCfg = Release|Any CPU
		{C2823834-2C49-4FDC-9E28-DC0C1BD83C5A}.Release|Any CPU.Build.0 = Release|Any CPU
	EndGlobalSection
	GlobalSection(SolutionProperties) = preSolution
		HideSolutionNode = FALSE
	EndGlobalSection
	GlobalSection(ExtensibilityGlobals) = postSolution
		SolutionGuid = {B9F4E390-1CC7-4861-B6B3-A91C6E3C781D}
	EndGlobalSection
EndGlobal
